
Microsoft Visual Studio Solution File, Format Version 12.00
# Visual Studio Version 17
VisualStudioVersion = 17.8.34330.188
MinimumVisualStudioVersion = 10.0.40219.1
Project("{FAE04EC0-301F-11D3-BF4B-00C04F79EFBC}") = "HW21", "HW21.csproj", "{2D2CF5C4-1EBC-449A-836D-8F4B48259665}"
EndProject
Global
	GlobalSection(SolutionConfigurationPlatforms) = preSolution
		Debug|Any CPU = Debug|Any CPU
		Release|Any CPU = Release|Any CPU
	EndGlobalSection
	GlobalSection(ProjectConfigurationPlatforms) = postSolution
		{2D2CF5C4-1EBC-449A-836D-8F4B48259665}.Debug|Any CPU.ActiveCfg = Debug|Any CPU
		{2D2CF5C4-1EBC-449A-836D-8F4B48259665}.Debug|Any CPU.Build.0 = Debug|Any CPU
		{2D2CF5C4-1EBC-449A-836D-8F4B48259665}.Release|Any CPU.ActiveCfg = Release|Any CPU
		{2D2CF5C4-1EBC-449A-836D-8F4B48259665}.Release|Any CPU.Build.0 = Release|Any CPU
	EndGlobalSection
	GlobalSection(SolutionProperties) = preSolution
		HideSolutionNode = FALSE
	EndGlobalSection
	GlobalSection(ExtensibilityGlobals) = postSolution
		SolutionGuid = {A07FEC4D-9CE9-4C70-95BE-F18A51C64150}
	EndGlobalSection
EndGlobal
